
Microsoft Visual Studio Solution File, Format Version 12.00
# Visual Studio Version 17
VisualStudioVersion = 17.0.32112.339
MinimumVisualStudioVersion = 10.0.40219.1
Project("{9A19103F-16F7-4668-BE54-9A1E7A4F7556}") = "SimpleS3.Core", "Src\SimpleS3.Core\SimpleS3.Core.csproj", "{C9E0C330-EE8C-4478-8E5E-6A9A7860EDD4}"
EndProject
Project("{9A19103F-16F7-4668-BE54-9A1E7A4F7556}") = "SimpleS3.Core.Tests", "Src\SimpleS3.Core.Tests\SimpleS3.Core.Tests.csproj", "{22C62A1F-29CA-4938-8C15-0A5277395C4C}"
EndProject
Project("{9A19103F-16F7-4668-BE54-9A1E7A4F7556}") = "SimpleS3.Examples", "Src\SimpleS3.Examples\SimpleS3.Examples.csproj", "{6C2BD045-9FB3-485B-91CC-83B7A36DD0E0}"
EndProject
Project("{2150E333-8FDC-42A3-9474-1A3956D46DE8}") = "_Items", "_Items", "{7C26C924-7B82-4A50-8BF0-584930DEF401}"
	ProjectSection(SolutionItems) = preProject
		.gitattributes = .gitattributes
		.gitignore = .gitignore
		Config.json = Config.json
		LICENSE.txt = LICENSE.txt
		README.md = README.md
		SECURITY.md = SECURITY.md
	EndProjectSection
EndProject
Project("{9A19103F-16F7-4668-BE54-9A1E7A4F7556}") = "SimpleS3.Core.Benchmarks", "Src\SimpleS3.Core.Benchmarks\SimpleS3.Core.Benchmarks.csproj", "{C35C127C-BE44-4991-B7E3-56E9A2F77D25}"
EndProject
Project("{2150E333-8FDC-42A3-9474-1A3956D46DE8}") = "Extensions", "Extensions", "{5F231AF0-BA65-4AE0-959F-A29E76CC6DFD}"
EndProject
Project("{9A19103F-16F7-4668-BE54-9A1E7A4F7556}") = "SimpleS3.Core.Abstracts", "Src\SimpleS3.Core.Abstracts\SimpleS3.Core.Abstracts.csproj", "{69BAC41D-D8A2-4EDA-B77E-FC4C3DCF2B6C}"
EndProject
Project("{9A19103F-16F7-4668-BE54-9A1E7A4F7556}") = "SimpleS3.Extensions.ProfileManager", "Src\SimpleS3.Extensions.ProfileManager\SimpleS3.Extensions.ProfileManager.csproj", "{8E38F589-5A86-4D9E-A807-E91758E48D2C}"
EndProject
Project("{9A19103F-16F7-4668-BE54-9A1E7A4F7556}") = "SimpleS3.Core.Common", "Src\SimpleS3.Core.Common\SimpleS3.Core.Common.csproj", "{861ACA87-A790-4D62-8DF9-8B8ACBF869DF}"
EndProject
Project("{9A19103F-16F7-4668-BE54-9A1E7A4F7556}") = "SimpleS3.Core.Common.Tests", "Src\SimpleS3.Core.Common.Tests\SimpleS3.Core.Common.Tests.csproj", "{43F7AAA1-C8BE-4E7A-8FF4-81554902B34E}"
EndProject
Project("{9A19103F-16F7-4668-BE54-9A1E7A4F7556}") = "SimpleS3.Extensions.HttpClient", "Src\SimpleS3.Extensions.HttpClient\SimpleS3.Extensions.HttpClient.csproj", "{74653220-1744-4AD0-8B17-4C5C649EA6D3}"
EndProject
Project("{9A19103F-16F7-4668-BE54-9A1E7A4F7556}") = "SimpleS3.Extensions.HttpClientFactory", "Src\SimpleS3.Extensions.HttpClientFactory\SimpleS3.Extensions.HttpClientFactory.csproj", "{E28C255C-633D-4A3F-9AA6-9FBA8339F3E9}"
EndProject
Project("{9A19103F-16F7-4668-BE54-9A1E7A4F7556}") = "SimpleS3.Extensions.HttpClientFactory.Polly", "Src\SimpleS3.Extensions.HttpClientFactory.Polly\SimpleS3.Extensions.HttpClientFactory.Polly.csproj", "{872A9FA7-3C55-4F07-8DA6-5BEE3A930C02}"
EndProject
Project("{9A19103F-16F7-4668-BE54-9A1E7A4F7556}") = "SimpleS3.Extensions.BackBlazeB2", "Src\SimpleS3.Extensions.BackBlazeB2\SimpleS3.Extensions.BackBlazeB2.csproj", "{0DA531D5-573A-42F4-A6A1-6FB3ADA097FC}"
EndProject
Project("{9A19103F-16F7-4668-BE54-9A1E7A4F7556}") = "SimpleS3.Extensions.BackBlazeB2.Tests", "Src\SimpleS3.Extensions.BackBlazeB2.Tests\SimpleS3.Extensions.BackBlazeB2.Tests.csproj", "{6094F7D6-363D-4E66-A19F-515175A9BF55}"
EndProject
Project("{9A19103F-16F7-4668-BE54-9A1E7A4F7556}") = "SimpleS3.Core.TestBase", "Src\SimpleS3.Core.TestBase\SimpleS3.Core.TestBase.csproj", "{1B43D940-DD93-450B-9FC7-7A3701E1DC61}"
EndProject
Project("{2150E333-8FDC-42A3-9474-1A3956D46DE8}") = "_Imports", "_Imports", "{62F2C837-5670-4C27-9609-90F8B67BEC8E}"
EndProject
Project("{9A19103F-16F7-4668-BE54-9A1E7A4F7556}") = "SimpleS3.ExamplesAdvanced", "Src\SimpleS3.ExamplesAdvanced\SimpleS3.ExamplesAdvanced.csproj", "{1003FE0A-F3E3-4B9F-80EC-2E7F1D0FE37E}"
EndProject
Project("{9A19103F-16F7-4668-BE54-9A1E7A4F7556}") = "SimpleS3.Extensions.AmazonS3", "Src\SimpleS3.Extensions.AmazonS3\SimpleS3.Extensions.AmazonS3.csproj", "{289A434D-1570-4F73-80D8-015CB7D92DEE}"
EndProject
Project("{9A19103F-16F7-4668-BE54-9A1E7A4F7556}") = "SimpleS3.Extensions.AmazonS3.Tests", "Src\SimpleS3.Extensions.AmazonS3.Tests\SimpleS3.Extensions.AmazonS3.Tests.csproj", "{9D122B3D-1B9D-4219-B08F-1D9C6552EB0F}"
EndProject
Project("{9A19103F-16F7-4668-BE54-9A1E7A4F7556}") = "SimpleS3.ProviderBase", "Src\SimpleS3.ProviderBase\SimpleS3.ProviderBase.csproj", "{D784AEF4-9B6B-45FF-A029-53482A2EA45D}"
EndProject
Project("{9A19103F-16F7-4668-BE54-9A1E7A4F7556}") = "SimpleS3.AmazonS3", "Src\SimpleS3.AmazonS3\SimpleS3.AmazonS3.csproj", "{57349174-579C-4ADB-A5DE-FF0D04ADF10C}"
EndProject
Project("{9A19103F-16F7-4668-BE54-9A1E7A4F7556}") = "SimpleS3.AmazonS3.Tests", "Src\SimpleS3.AmazonS3.Tests\SimpleS3.AmazonS3.Tests.csproj", "{E90C942A-F022-4277-BF18-E16800B1FA2F}"
EndProject
Project("{9A19103F-16F7-4668-BE54-9A1E7A4F7556}") = "SimpleS3.Extensions.GoogleCloudStorage", "Src\SimpleS3.Extensions.GoogleCloudStorage\SimpleS3.Extensions.GoogleCloudStorage.csproj", "{4606FC18-3B68-4C45-9107-7F1EDC8B32BE}"
EndProject
Project("{9A19103F-16F7-4668-BE54-9A1E7A4F7556}") = "SimpleS3.Extensions.GoogleCloudStorage.Tests", "Src\SimpleS3.Extensions.GoogleCloudStorage.Tests\SimpleS3.Extensions.GoogleCloudStorage.Tests.csproj", "{E146D95A-CB5F-499F-A6D6-2FCBE15AE804}"
EndProject
Project("{2150E333-8FDC-42A3-9474-1A3956D46DE8}") = "Clients", "Clients", "{E0B7243F-9495-459C-9108-2B422C2BA546}"
EndProject
Project("{2150E333-8FDC-42A3-9474-1A3956D46DE8}") = "Examples", "Examples", "{E9833532-77A7-4851-A080-D0563381D016}"
EndProject
Project("{9A19103F-16F7-4668-BE54-9A1E7A4F7556}") = "SimpleS3.Extensions.Wasabi", "Src\SimpleS3.Extensions.Wasabi\SimpleS3.Extensions.Wasabi.csproj", "{F756A1B9-8208-49AD-B278-F3255C4BF52D}"
EndProject
Project("{9A19103F-16F7-4668-BE54-9A1E7A4F7556}") = "SimpleS3.Extensions.Wasabi.Tests", "Src\SimpleS3.Extensions.Wasabi.Tests\SimpleS3.Extensions.Wasabi.Tests.csproj", "{2BF5CD17-E94F-4F7C-BB53-60EEE1136CA0}"
EndProject
Project("{2150E333-8FDC-42A3-9474-1A3956D46DE8}") = "_Github", "_Github", "{02902EA0-B809-4F75-B3D9-F29A1136A89D}"
	ProjectSection(SolutionItems) = preProject
		.github\FUNDING.yml = .github\FUNDING.yml
	EndProjectSection
EndProject
Project("{2150E333-8FDC-42A3-9474-1A3956D46DE8}") = "Workflows", "Workflows", "{B7F8BAD4-962A-48BC-8141-047661A56F3D}"
	ProjectSection(SolutionItems) = preProject
		.github\workflows\generic-build.yml = .github\workflows\generic-build.yml
		.github\workflows\nuget-release.yml = .github\workflows\nuget-release.yml
	EndProjectSection
EndProject
Project("{2150E333-8FDC-42A3-9474-1A3956D46DE8}") = "IssueTemplates", "IssueTemplates", "{1E2FE663-8F60-4D75-9DF4-DF0221BDBF12}"
	ProjectSection(SolutionItems) = preProject
		.github\ISSUE_TEMPLATE\bug_report.md = .github\ISSUE_TEMPLATE\bug_report.md
		.github\ISSUE_TEMPLATE\feature_request.md = .github\ISSUE_TEMPLATE\feature_request.md
	EndProjectSection
EndProject
Project("{2150E333-8FDC-42A3-9474-1A3956D46DE8}") = "Project", "Project", "{C51F4A30-5EC7-401F-B45B-65D796BA7E17}"
	ProjectSection(SolutionItems) = preProject
		Imports\Benchmarks.props = Imports\Benchmarks.props
		Imports\Console.props = Imports\Console.props
		Imports\Examples.props = Imports\Examples.props
		Imports\Library.props = Imports\Library.props
		Imports\Tests.props = Imports\Tests.props
	EndProjectSection
EndProject
Project("{2150E333-8FDC-42A3-9474-1A3956D46DE8}") = "Managed", "Managed", "{46745838-128D-49A0-A45F-C8BDDA9B99D3}"
	ProjectSection(SolutionItems) = preProject
		src\Directory.Build.props = src\Directory.Build.props
		src\Directory.Build.targets = src\Directory.Build.targets
	EndProjectSection
EndProject
Project("{2150E333-8FDC-42A3-9474-1A3956D46DE8}") = "Packages", "Packages", "{D253D05C-AF7E-4A68-A736-E92E25F079F5}"
	ProjectSection(SolutionItems) = preProject
		src\Directory.Packages.props = src\Directory.Packages.props
		src\Directory.Packages.Analyzers.props = src\Directory.Packages.Analyzers.props
	EndProjectSection
EndProject
Project("{2150E333-8FDC-42A3-9474-1A3956D46DE8}") = "Local", "Local", "{42708EFE-D307-407D-BF8F-51554F52207F}"
	ProjectSection(SolutionItems) = preProject
		Locals\Directory.Build.props = Locals\Directory.Build.props
	EndProjectSection
EndProject
Project("{2150E333-8FDC-42A3-9474-1A3956D46DE8}") = "Project", "Project", "{48AE12D0-60CD-40E7-8C5C-883B68322396}"
	ProjectSection(SolutionItems) = preProject
		Locals\Benchmarks.props = Locals\Benchmarks.props
		Locals\Console.props = Locals\Console.props
		Locals\Examples.props = Locals\Examples.props
		Locals\Library.props = Locals\Library.props
		Locals\Tests.props = Locals\Tests.props
	EndProjectSection
EndProject
Project("{2150E333-8FDC-42A3-9474-1A3956D46DE8}") = "Packages", "Packages", "{DADE79C3-616F-4EDB-87EA-0558DD9EDBB7}"
	ProjectSection(SolutionItems) = preProject
		Locals\Directory.Packages.props = Locals\Directory.Packages.props
	EndProjectSection
EndProject
Global
	GlobalSection(SolutionConfigurationPlatforms) = preSolution
		Debug|Any CPU = Debug|Any CPU
		Release|Any CPU = Release|Any CPU
	EndGlobalSection
	GlobalSection(ProjectConfigurationPlatforms) = postSolution
		{C9E0C330-EE8C-4478-8E5E-6A9A7860EDD4}.Debug|Any CPU.ActiveCfg = Debug|Any CPU
		{C9E0C330-EE8C-4478-8E5E-6A9A7860EDD4}.Debug|Any CPU.Build.0 = Debug|Any CPU
		{C9E0C330-EE8C-4478-8E5E-6A9A7860EDD4}.Release|Any CPU.ActiveCfg = Release|Any CPU
		{C9E0C330-EE8C-4478-8E5E-6A9A7860EDD4}.Release|Any CPU.Build.0 = Release|Any CPU
		{22C62A1F-29CA-4938-8C15-0A5277395C4C}.Debug|Any CPU.ActiveCfg = Debug|Any CPU
		{22C62A1F-29CA-4938-8C15-0A5277395C4C}.Debug|Any CPU.Build.0 = Debug|Any CPU
		{22C62A1F-29CA-4938-8C15-0A5277395C4C}.Release|Any CPU.ActiveCfg = Release|Any CPU
		{22C62A1F-29CA-4938-8C15-0A5277395C4C}.Release|Any CPU.Build.0 = Release|Any CPU
		{6C2BD045-9FB3-485B-91CC-83B7A36DD0E0}.Debug|Any CPU.ActiveCfg = Debug|Any CPU
		{6C2BD045-9FB3-485B-91CC-83B7A36DD0E0}.Debug|Any CPU.Build.0 = Debug|Any CPU
		{6C2BD045-9FB3-485B-91CC-83B7A36DD0E0}.Release|Any CPU.ActiveCfg = Release|Any CPU
		{6C2BD045-9FB3-485B-91CC-83B7A36DD0E0}.Release|Any CPU.Build.0 = Release|Any CPU
		{C35C127C-BE44-4991-B7E3-56E9A2F77D25}.Debug|Any CPU.ActiveCfg = Debug|Any CPU
		{C35C127C-BE44-4991-B7E3-56E9A2F77D25}.Debug|Any CPU.Build.0 = Debug|Any CPU
		{C35C127C-BE44-4991-B7E3-56E9A2F77D25}.Release|Any CPU.ActiveCfg = Release|Any CPU
		{C35C127C-BE44-4991-B7E3-56E9A2F77D25}.Release|Any CPU.Build.0 = Release|Any CPU
		{69BAC41D-D8A2-4EDA-B77E-FC4C3DCF2B6C}.Debug|Any CPU.ActiveCfg = Debug|Any CPU
		{69BAC41D-D8A2-4EDA-B77E-FC4C3DCF2B6C}.Debug|Any CPU.Build.0 = Debug|Any CPU
		{69BAC41D-D8A2-4EDA-B77E-FC4C3DCF2B6C}.Release|Any CPU.ActiveCfg = Release|Any CPU
		{69BAC41D-D8A2-4EDA-B77E-FC4C3DCF2B6C}.Release|Any CPU.Build.0 = Release|Any CPU
		{8E38F589-5A86-4D9E-A807-E91758E48D2C}.Debug|Any CPU.ActiveCfg = Debug|Any CPU
		{8E38F589-5A86-4D9E-A807-E91758E48D2C}.Debug|Any CPU.Build.0 = Debug|Any CPU
		{8E38F589-5A86-4D9E-A807-E91758E48D2C}.Release|Any CPU.ActiveCfg = Release|Any CPU
		{8E38F589-5A86-4D9E-A807-E91758E48D2C}.Release|Any CPU.Build.0 = Release|Any CPU
		{861ACA87-A790-4D62-8DF9-8B8ACBF869DF}.Debug|Any CPU.ActiveCfg = Debug|Any CPU
		{861ACA87-A790-4D62-8DF9-8B8ACBF869DF}.Debug|Any CPU.Build.0 = Debug|Any CPU
		{861ACA87-A790-4D62-8DF9-8B8ACBF869DF}.Release|Any CPU.ActiveCfg = Release|Any CPU
		{861ACA87-A790-4D62-8DF9-8B8ACBF869DF}.Release|Any CPU.Build.0 = Release|Any CPU
		{43F7AAA1-C8BE-4E7A-8FF4-81554902B34E}.Debug|Any CPU.ActiveCfg = Debug|Any CPU
		{43F7AAA1-C8BE-4E7A-8FF4-81554902B34E}.Debug|Any CPU.Build.0 = Debug|Any CPU
		{43F7AAA1-C8BE-4E7A-8FF4-81554902B34E}.Release|Any CPU.ActiveCfg = Release|Any CPU
		{43F7AAA1-C8BE-4E7A-8FF4-81554902B34E}.Release|Any CPU.Build.0 = Release|Any CPU
		{74653220-1744-4AD0-8B17-4C5C649EA6D3}.Debug|Any CPU.ActiveCfg = Debug|Any CPU
		{74653220-1744-4AD0-8B17-4C5C649EA6D3}.Debug|Any CPU.Build.0 = Debug|Any CPU
		{74653220-1744-4AD0-8B17-4C5C649EA6D3}.Release|Any CPU.ActiveCfg = Release|Any CPU
		{74653220-1744-4AD0-8B17-4C5C649EA6D3}.Release|Any CPU.Build.0 = Release|Any CPU
		{E28C255C-633D-4A3F-9AA6-9FBA8339F3E9}.Debug|Any CPU.ActiveCfg = Debug|Any CPU
		{E28C255C-633D-4A3F-9AA6-9FBA8339F3E9}.Debug|Any CPU.Build.0 = Debug|Any CPU
		{E28C255C-633D-4A3F-9AA6-9FBA8339F3E9}.Release|Any CPU.ActiveCfg = Release|Any CPU
		{E28C255C-633D-4A3F-9AA6-9FBA8339F3E9}.Release|Any CPU.Build.0 = Release|Any CPU
		{872A9FA7-3C55-4F07-8DA6-5BEE3A930C02}.Debug|Any CPU.ActiveCfg = Debug|Any CPU
		{872A9FA7-3C55-4F07-8DA6-5BEE3A930C02}.Debug|Any CPU.Build.0 = Debug|Any CPU
		{872A9FA7-3C55-4F07-8DA6-5BEE3A930C02}.Release|Any CPU.ActiveCfg = Release|Any CPU
		{872A9FA7-3C55-4F07-8DA6-5BEE3A930C02}.Release|Any CPU.Build.0 = Release|Any CPU
		{0DA531D5-573A-42F4-A6A1-6FB3ADA097FC}.Debug|Any CPU.ActiveCfg = Debug|Any CPU
		{0DA531D5-573A-42F4-A6A1-6FB3ADA097FC}.Debug|Any CPU.Build.0 = Debug|Any CPU
		{0DA531D5-573A-42F4-A6A1-6FB3ADA097FC}.Release|Any CPU.ActiveCfg = Release|Any CPU
		{0DA531D5-573A-42F4-A6A1-6FB3ADA097FC}.Release|Any CPU.Build.0 = Release|Any CPU
		{6094F7D6-363D-4E66-A19F-515175A9BF55}.Debug|Any CPU.ActiveCfg = Debug|Any CPU
		{6094F7D6-363D-4E66-A19F-515175A9BF55}.Debug|Any CPU.Build.0 = Debug|Any CPU
		{6094F7D6-363D-4E66-A19F-515175A9BF55}.Release|Any CPU.ActiveCfg = Release|Any CPU
		{6094F7D6-363D-4E66-A19F-515175A9BF55}.Release|Any CPU.Build.0 = Release|Any CPU
		{1B43D940-DD93-450B-9FC7-7A3701E1DC61}.Debug|Any CPU.ActiveCfg = Debug|Any CPU
		{1B43D940-DD93-450B-9FC7-7A3701E1DC61}.Debug|Any CPU.Build.0 = Debug|Any CPU
		{1B43D940-DD93-450B-9FC7-7A3701E1DC61}.Release|Any CPU.ActiveCfg = Release|Any CPU
		{1B43D940-DD93-450B-9FC7-7A3701E1DC61}.Release|Any CPU.Build.0 = Release|Any CPU
		{1003FE0A-F3E3-4B9F-80EC-2E7F1D0FE37E}.Debug|Any CPU.ActiveCfg = Debug|Any CPU
		{1003FE0A-F3E3-4B9F-80EC-2E7F1D0FE37E}.Debug|Any CPU.Build.0 = Debug|Any CPU
		{1003FE0A-F3E3-4B9F-80EC-2E7F1D0FE37E}.Release|Any CPU.ActiveCfg = Release|Any CPU
		{1003FE0A-F3E3-4B9F-80EC-2E7F1D0FE37E}.Release|Any CPU.Build.0 = Release|Any CPU
		{289A434D-1570-4F73-80D8-015CB7D92DEE}.Debug|Any CPU.ActiveCfg = Debug|Any CPU
		{289A434D-1570-4F73-80D8-015CB7D92DEE}.Debug|Any CPU.Build.0 = Debug|Any CPU
		{289A434D-1570-4F73-80D8-015CB7D92DEE}.Release|Any CPU.ActiveCfg = Release|Any CPU
		{289A434D-1570-4F73-80D8-015CB7D92DEE}.Release|Any CPU.Build.0 = Release|Any CPU
		{9D122B3D-1B9D-4219-B08F-1D9C6552EB0F}.Debug|Any CPU.ActiveCfg = Debug|Any CPU
		{9D122B3D-1B9D-4219-B08F-1D9C6552EB0F}.Debug|Any CPU.Build.0 = Debug|Any CPU
		{9D122B3D-1B9D-4219-B08F-1D9C6552EB0F}.Release|Any CPU.ActiveCfg = Release|Any CPU
		{9D122B3D-1B9D-4219-B08F-1D9C6552EB0F}.Release|Any CPU.Build.0 = Release|Any CPU
		{D784AEF4-9B6B-45FF-A029-53482A2EA45D}.Debug|Any CPU.ActiveCfg = Debug|Any CPU
		{D784AEF4-9B6B-45FF-A029-53482A2EA45D}.Debug|Any CPU.Build.0 = Debug|Any CPU
		{D784AEF4-9B6B-45FF-A029-53482A2EA45D}.Release|Any CPU.ActiveCfg = Release|Any CPU
		{D784AEF4-9B6B-45FF-A029-53482A2EA45D}.Release|Any CPU.Build.0 = Release|Any CPU
		{57349174-579C-4ADB-A5DE-FF0D04ADF10C}.Debug|Any CPU.ActiveCfg = Debug|Any CPU
		{57349174-579C-4ADB-A5DE-FF0D04ADF10C}.Debug|Any CPU.Build.0 = Debug|Any CPU
		{57349174-579C-4ADB-A5DE-FF0D04ADF10C}.Release|Any CPU.ActiveCfg = Release|Any CPU
		{57349174-579C-4ADB-A5DE-FF0D04ADF10C}.Release|Any CPU.Build.0 = Release|Any CPU
		{E90C942A-F022-4277-BF18-E16800B1FA2F}.Debug|Any CPU.ActiveCfg = Debug|Any CPU
		{E90C942A-F022-4277-BF18-E16800B1FA2F}.Debug|Any CPU.Build.0 = Debug|Any CPU
		{E90C942A-F022-4277-BF18-E16800B1FA2F}.Release|Any CPU.ActiveCfg = Release|Any CPU
		{E90C942A-F022-4277-BF18-E16800B1FA2F}.Release|Any CPU.Build.0 = Release|Any CPU
		{4606FC18-3B68-4C45-9107-7F1EDC8B32BE}.Debug|Any CPU.ActiveCfg = Debug|Any CPU
		{4606FC18-3B68-4C45-9107-7F1EDC8B32BE}.Debug|Any CPU.Build.0 = Debug|Any CPU
		{4606FC18-3B68-4C45-9107-7F1EDC8B32BE}.Release|Any CPU.ActiveCfg = Release|Any CPU
		{4606FC18-3B68-4C45-9107-7F1EDC8B32BE}.Release|Any CPU.Build.0 = Release|Any CPU
		{E146D95A-CB5F-499F-A6D6-2FCBE15AE804}.Debug|Any CPU.ActiveCfg = Debug|Any CPU
		{E146D95A-CB5F-499F-A6D6-2FCBE15AE804}.Debug|Any CPU.Build.0 = Debug|Any CPU
		{E146D95A-CB5F-499F-A6D6-2FCBE15AE804}.Release|Any CPU.ActiveCfg = Release|Any CPU
		{E146D95A-CB5F-499F-A6D6-2FCBE15AE804}.Release|Any CPU.Build.0 = Release|Any CPU
		{F756A1B9-8208-49AD-B278-F3255C4BF52D}.Debug|Any CPU.ActiveCfg = Debug|Any CPU
		{F756A1B9-8208-49AD-B278-F3255C4BF52D}.Debug|Any CPU.Build.0 = Debug|Any CPU
		{F756A1B9-8208-49AD-B278-F3255C4BF52D}.Release|Any CPU.ActiveCfg = Release|Any CPU
		{F756A1B9-8208-49AD-B278-F3255C4BF52D}.Release|Any CPU.Build.0 = Release|Any CPU
		{2BF5CD17-E94F-4F7C-BB53-60EEE1136CA0}.Debug|Any CPU.ActiveCfg = Debug|Any CPU
		{2BF5CD17-E94F-4F7C-BB53-60EEE1136CA0}.Debug|Any CPU.Build.0 = Debug|Any CPU
		{2BF5CD17-E94F-4F7C-BB53-60EEE1136CA0}.Release|Any CPU.ActiveCfg = Release|Any CPU
		{2BF5CD17-E94F-4F7C-BB53-60EEE1136CA0}.Release|Any CPU.Build.0 = Release|Any CPU
	EndGlobalSection
	GlobalSection(SolutionProperties) = preSolution
		HideSolutionNode = FALSE
	EndGlobalSection
	GlobalSection(NestedProjects) = preSolution
		{6C2BD045-9FB3-485B-91CC-83B7A36DD0E0} = {E9833532-77A7-4851-A080-D0563381D016}
		{8E38F589-5A86-4D9E-A807-E91758E48D2C} = {5F231AF0-BA65-4AE0-959F-A29E76CC6DFD}
		{74653220-1744-4AD0-8B17-4C5C649EA6D3} = {5F231AF0-BA65-4AE0-959F-A29E76CC6DFD}
		{E28C255C-633D-4A3F-9AA6-9FBA8339F3E9} = {5F231AF0-BA65-4AE0-959F-A29E76CC6DFD}
		{872A9FA7-3C55-4F07-8DA6-5BEE3A930C02} = {5F231AF0-BA65-4AE0-959F-A29E76CC6DFD}
		{0DA531D5-573A-42F4-A6A1-6FB3ADA097FC} = {5F231AF0-BA65-4AE0-959F-A29E76CC6DFD}
		{6094F7D6-363D-4E66-A19F-515175A9BF55} = {5F231AF0-BA65-4AE0-959F-A29E76CC6DFD}
		{1003FE0A-F3E3-4B9F-80EC-2E7F1D0FE37E} = {E9833532-77A7-4851-A080-D0563381D016}
		{289A434D-1570-4F73-80D8-015CB7D92DEE} = {5F231AF0-BA65-4AE0-959F-A29E76CC6DFD}
		{9D122B3D-1B9D-4219-B08F-1D9C6552EB0F} = {5F231AF0-BA65-4AE0-959F-A29E76CC6DFD}
		{57349174-579C-4ADB-A5DE-FF0D04ADF10C} = {E0B7243F-9495-459C-9108-2B422C2BA546}
		{E90C942A-F022-4277-BF18-E16800B1FA2F} = {E0B7243F-9495-459C-9108-2B422C2BA546}
		{4606FC18-3B68-4C45-9107-7F1EDC8B32BE} = {5F231AF0-BA65-4AE0-959F-A29E76CC6DFD}
		{E146D95A-CB5F-499F-A6D6-2FCBE15AE804} = {5F231AF0-BA65-4AE0-959F-A29E76CC6DFD}
		{F756A1B9-8208-49AD-B278-F3255C4BF52D} = {5F231AF0-BA65-4AE0-959F-A29E76CC6DFD}
		{2BF5CD17-E94F-4F7C-BB53-60EEE1136CA0} = {5F231AF0-BA65-4AE0-959F-A29E76CC6DFD}
		{B7F8BAD4-962A-48BC-8141-047661A56F3D} = {02902EA0-B809-4F75-B3D9-F29A1136A89D}
		{1E2FE663-8F60-4D75-9DF4-DF0221BDBF12} = {02902EA0-B809-4F75-B3D9-F29A1136A89D}
		{46745838-128D-49A0-A45F-C8BDDA9B99D3} = {62F2C837-5670-4C27-9609-90F8B67BEC8E}
		{C51F4A30-5EC7-401F-B45B-65D796BA7E17} = {46745838-128D-49A0-A45F-C8BDDA9B99D3}
		{D253D05C-AF7E-4A68-A736-E92E25F079F5} = {46745838-128D-49A0-A45F-C8BDDA9B99D3}
		{42708EFE-D307-407D-BF8F-51554F52207F} = {62F2C837-5670-4C27-9609-90F8B67BEC8E}
		{48AE12D0-60CD-40E7-8C5C-883B68322396} = {42708EFE-D307-407D-BF8F-51554F52207F}
		{DADE79C3-616F-4EDB-87EA-0558DD9EDBB7} = {42708EFE-D307-407D-BF8F-51554F52207F}
	EndGlobalSection
	GlobalSection(ExtensibilityGlobals) = postSolution
		SolutionGuid = {5EB716AC-1004-4514-8045-DAFF9636F0C5}
	EndGlobalSection
EndGlobal
