
Microsoft Visual Studio Solution File, Format Version 12.00
# Visual Studio Version 16
VisualStudioVersion = 16.0.28922.388
MinimumVisualStudioVersion = 10.0.40219.1
Project("{9A19103F-16F7-4668-BE54-9A1E7A4F7556}") = "SimpleS3.Core", "SimpleS3.Core\SimpleS3.Core.csproj", "{C9E0C330-EE8C-4478-8E5E-6A9A7860EDD4}"
EndProject
Project("{9A19103F-16F7-4668-BE54-9A1E7A4F7556}") = "SimpleS3.Core.Tests", "SimpleS3.Core.Tests\SimpleS3.Core.Tests.csproj", "{22C62A1F-29CA-4938-8C15-0A5277395C4C}"
EndProject
Project("{9A19103F-16F7-4668-BE54-9A1E7A4F7556}") = "SimpleS3.Examples", "SimpleS3.Examples\SimpleS3.Examples.csproj", "{6C2BD045-9FB3-485B-91CC-83B7A36DD0E0}"
EndProject
Project("{2150E333-8FDC-42A3-9474-1A3956D46DE8}") = "_Items", "_Items", "{7C26C924-7B82-4A50-8BF0-584930DEF401}"
	ProjectSection(SolutionItems) = preProject
		..\Config.json = ..\Config.json
		..\Global.ruleset = ..\Global.ruleset
		..\README.md = ..\README.md
	EndProjectSection
EndProject
Project("{9A19103F-16F7-4668-BE54-9A1E7A4F7556}") = "SimpleS3.Core.Benchmarks", "SimpleS3.Core.Benchmarks\SimpleS3.Core.Benchmarks.csproj", "{C35C127C-BE44-4991-B7E3-56E9A2F77D25}"
EndProject
Project("{9A19103F-16F7-4668-BE54-9A1E7A4F7556}") = "SimpleS3", "SimpleS3\SimpleS3.csproj", "{491E17B3-D66D-4C79-8E6A-E71F421FA6F6}"
EndProject
Project("{2150E333-8FDC-42A3-9474-1A3956D46DE8}") = "Extensions", "Extensions", "{5F231AF0-BA65-4AE0-959F-A29E76CC6DFD}"
EndProject
Project("{9A19103F-16F7-4668-BE54-9A1E7A4F7556}") = "SimpleS3.Core.Abstracts", "SimpleS3.Core.Abstracts\SimpleS3.Core.Abstracts.csproj", "{69BAC41D-D8A2-4EDA-B77E-FC4C3DCF2B6C}"
EndProject
Project("{9A19103F-16F7-4668-BE54-9A1E7A4F7556}") = "SimpleS3.Extensions.ProfileManager", "SimpleS3.Extensions.ProfileManager\SimpleS3.Extensions.ProfileManager.csproj", "{8E38F589-5A86-4D9E-A807-E91758E48D2C}"
EndProject
Project("{9A19103F-16F7-4668-BE54-9A1E7A4F7556}") = "SimpleS3.Core.Common", "SimpleS3.Core.Common\SimpleS3.Core.Common.csproj", "{861ACA87-A790-4D62-8DF9-8B8ACBF869DF}"
EndProject
Project("{9A19103F-16F7-4668-BE54-9A1E7A4F7556}") = "SimpleS3.Core.Common.Tests", "SimpleS3.Core.Common.Tests\SimpleS3.Core.Common.Tests.csproj", "{43F7AAA1-C8BE-4E7A-8FF4-81554902B34E}"
EndProject
Project("{9A19103F-16F7-4668-BE54-9A1E7A4F7556}") = "SimpleS3.Extensions.HttpClient", "SimpleS3.Extensions.HttpClient\SimpleS3.Extensions.HttpClient.csproj", "{74653220-1744-4AD0-8B17-4C5C649EA6D3}"
EndProject
Project("{9A19103F-16F7-4668-BE54-9A1E7A4F7556}") = "SimpleS3.Extensions.HttpClientFactory", "SimpleS3.Extensions.HttpClientFactory\SimpleS3.Extensions.HttpClientFactory.csproj", "{E28C255C-633D-4A3F-9AA6-9FBA8339F3E9}"
EndProject
Project("{9A19103F-16F7-4668-BE54-9A1E7A4F7556}") = "SimpleS3.Tests", "SimpleS3.Tests\SimpleS3.Tests.csproj", "{4183D55C-956D-4CD7-9FEB-C5D771D54973}"
EndProject
Project("{2150E333-8FDC-42A3-9474-1A3956D46DE8}") = "Utilities", "Utilities", "{8374F15C-AE00-4F9E-AC9C-23F98189334A}"
EndProject
Project("{9A19103F-16F7-4668-BE54-9A1E7A4F7556}") = "SimpleS3.Utility.S3Template", "SimpleS3.Utility.S3Template\SimpleS3.Utility.S3Template.csproj", "{BA25CF13-24B1-40B1-97E5-2EBF90ED1A24}"
EndProject
Project("{9A19103F-16F7-4668-BE54-9A1E7A4F7556}") = "SimpleS3.Utility.TestCleanup", "SimpleS3.Utility.TestCleanup\SimpleS3.Utility.TestCleanup.csproj", "{20C8CD34-EACA-4284-9368-277CAFA3B9C3}"
EndProject
Project("{9A19103F-16F7-4668-BE54-9A1E7A4F7556}") = "SimpleS3.Utility.TestSetup", "SimpleS3.Utility.TestSetup\SimpleS3.Utility.TestSetup.csproj", "{029A981C-05EF-4556-8DEC-4A8FAA43E6AB}"
EndProject
Project("{9A19103F-16F7-4668-BE54-9A1E7A4F7556}") = "SimpleS3.Extensions.HttpClientFactory.Polly", "SimpleS3.Extensions.HttpClientFactory.Polly\SimpleS3.Extensions.HttpClientFactory.Polly.csproj", "{872A9FA7-3C55-4F07-8DA6-5BEE3A930C02}"
EndProject
Project("{9A19103F-16F7-4668-BE54-9A1E7A4F7556}") = "SimpleS3.Extensions.BackBlazeB2", "SimpleS3.Extensions.BackBlazeB2\SimpleS3.Extensions.BackBlazeB2.csproj", "{0DA531D5-573A-42F4-A6A1-6FB3ADA097FC}"
EndProject
Project("{9A19103F-16F7-4668-BE54-9A1E7A4F7556}") = "SimpleS3.Extensions.BackBlazeB2.Tests", "SimpleS3.Extensions.BackBlazeB2.Tests\SimpleS3.Extensions.BackBlazeB2.Tests.csproj", "{6094F7D6-363D-4E66-A19F-515175A9BF55}"
EndProject
Project("{9A19103F-16F7-4668-BE54-9A1E7A4F7556}") = "SimpleS3.Core.TestBase", "SimpleS3.Core.TestBase\SimpleS3.Core.TestBase.csproj", "{1B43D940-DD93-450B-9FC7-7A3701E1DC61}"
EndProject
Project("{2150E333-8FDC-42A3-9474-1A3956D46DE8}") = "_Imports", "_Imports", "{62F2C837-5670-4C27-9609-90F8B67BEC8E}"
	ProjectSection(SolutionItems) = preProject
		..\Directory.Build.props = ..\Directory.Build.props
		..\Imports\TestImport.props = ..\Imports\TestImport.props
		..\Imports\UtilityImport.props = ..\Imports\UtilityImport.props
	EndProjectSection
EndProject
Project("{9A19103F-16F7-4668-BE54-9A1E7A4F7556}") = "SimpleS3.Utility.Shared", "SimpleS3.Utility.Shared\SimpleS3.Utility.Shared.csproj", "{258C9BD8-DF98-4662-BA67-FC79083FC1C3}"
EndProject
Project("{9A19103F-16F7-4668-BE54-9A1E7A4F7556}") = "SimpleS3.ExamplesAdvanced", "SimpleS3.ExamplesAdvanced\SimpleS3.ExamplesAdvanced.csproj", "{1003FE0A-F3E3-4B9F-80EC-2E7F1D0FE37E}"
EndProject
Project("{9A19103F-16F7-4668-BE54-9A1E7A4F7556}") = "SimpleS3.Extensions.AwsS3", "SimpleS3.Extensions.AwsS3\SimpleS3.Extensions.AwsS3.csproj", "{289A434D-1570-4F73-80D8-015CB7D92DEE}"
EndProject
Project("{9A19103F-16F7-4668-BE54-9A1E7A4F7556}") = "SimpleS3.Extensions.AwsS3.Tests", "SimpleS3.Extensions.AwsS3.Tests\SimpleS3.Extensions.AwsS3.Tests.csproj", "{9D122B3D-1B9D-4219-B08F-1D9C6552EB0F}"
EndProject
Global
	GlobalSection(SolutionConfigurationPlatforms) = preSolution
		Debug|Any CPU = Debug|Any CPU
		Release|Any CPU = Release|Any CPU
	EndGlobalSection
	GlobalSection(ProjectConfigurationPlatforms) = postSolution
		{C9E0C330-EE8C-4478-8E5E-6A9A7860EDD4}.Debug|Any CPU.ActiveCfg = Debug|Any CPU
		{C9E0C330-EE8C-4478-8E5E-6A9A7860EDD4}.Debug|Any CPU.Build.0 = Debug|Any CPU
		{C9E0C330-EE8C-4478-8E5E-6A9A7860EDD4}.Release|Any CPU.ActiveCfg = Release|Any CPU
		{C9E0C330-EE8C-4478-8E5E-6A9A7860EDD4}.Release|Any CPU.Build.0 = Release|Any CPU
		{22C62A1F-29CA-4938-8C15-0A5277395C4C}.Debug|Any CPU.ActiveCfg = Debug|Any CPU
		{22C62A1F-29CA-4938-8C15-0A5277395C4C}.Debug|Any CPU.Build.0 = Debug|Any CPU
		{22C62A1F-29CA-4938-8C15-0A5277395C4C}.Release|Any CPU.ActiveCfg = Release|Any CPU
		{22C62A1F-29CA-4938-8C15-0A5277395C4C}.Release|Any CPU.Build.0 = Release|Any CPU
		{6C2BD045-9FB3-485B-91CC-83B7A36DD0E0}.Debug|Any CPU.ActiveCfg = Debug|Any CPU
		{6C2BD045-9FB3-485B-91CC-83B7A36DD0E0}.Debug|Any CPU.Build.0 = Debug|Any CPU
		{6C2BD045-9FB3-485B-91CC-83B7A36DD0E0}.Release|Any CPU.ActiveCfg = Release|Any CPU
		{6C2BD045-9FB3-485B-91CC-83B7A36DD0E0}.Release|Any CPU.Build.0 = Release|Any CPU
		{C35C127C-BE44-4991-B7E3-56E9A2F77D25}.Debug|Any CPU.ActiveCfg = Debug|Any CPU
		{C35C127C-BE44-4991-B7E3-56E9A2F77D25}.Debug|Any CPU.Build.0 = Debug|Any CPU
		{C35C127C-BE44-4991-B7E3-56E9A2F77D25}.Release|Any CPU.ActiveCfg = Release|Any CPU
		{C35C127C-BE44-4991-B7E3-56E9A2F77D25}.Release|Any CPU.Build.0 = Release|Any CPU
		{491E17B3-D66D-4C79-8E6A-E71F421FA6F6}.Debug|Any CPU.ActiveCfg = Debug|Any CPU
		{491E17B3-D66D-4C79-8E6A-E71F421FA6F6}.Debug|Any CPU.Build.0 = Debug|Any CPU
		{491E17B3-D66D-4C79-8E6A-E71F421FA6F6}.Release|Any CPU.ActiveCfg = Release|Any CPU
		{491E17B3-D66D-4C79-8E6A-E71F421FA6F6}.Release|Any CPU.Build.0 = Release|Any CPU
		{69BAC41D-D8A2-4EDA-B77E-FC4C3DCF2B6C}.Debug|Any CPU.ActiveCfg = Debug|Any CPU
		{69BAC41D-D8A2-4EDA-B77E-FC4C3DCF2B6C}.Debug|Any CPU.Build.0 = Debug|Any CPU
		{69BAC41D-D8A2-4EDA-B77E-FC4C3DCF2B6C}.Release|Any CPU.ActiveCfg = Release|Any CPU
		{69BAC41D-D8A2-4EDA-B77E-FC4C3DCF2B6C}.Release|Any CPU.Build.0 = Release|Any CPU
		{8E38F589-5A86-4D9E-A807-E91758E48D2C}.Debug|Any CPU.ActiveCfg = Debug|Any CPU
		{8E38F589-5A86-4D9E-A807-E91758E48D2C}.Debug|Any CPU.Build.0 = Debug|Any CPU
		{8E38F589-5A86-4D9E-A807-E91758E48D2C}.Release|Any CPU.ActiveCfg = Release|Any CPU
		{8E38F589-5A86-4D9E-A807-E91758E48D2C}.Release|Any CPU.Build.0 = Release|Any CPU
		{861ACA87-A790-4D62-8DF9-8B8ACBF869DF}.Debug|Any CPU.ActiveCfg = Debug|Any CPU
		{861ACA87-A790-4D62-8DF9-8B8ACBF869DF}.Debug|Any CPU.Build.0 = Debug|Any CPU
		{861ACA87-A790-4D62-8DF9-8B8ACBF869DF}.Release|Any CPU.ActiveCfg = Release|Any CPU
		{861ACA87-A790-4D62-8DF9-8B8ACBF869DF}.Release|Any CPU.Build.0 = Release|Any CPU
		{43F7AAA1-C8BE-4E7A-8FF4-81554902B34E}.Debug|Any CPU.ActiveCfg = Debug|Any CPU
		{43F7AAA1-C8BE-4E7A-8FF4-81554902B34E}.Debug|Any CPU.Build.0 = Debug|Any CPU
		{43F7AAA1-C8BE-4E7A-8FF4-81554902B34E}.Release|Any CPU.ActiveCfg = Release|Any CPU
		{43F7AAA1-C8BE-4E7A-8FF4-81554902B34E}.Release|Any CPU.Build.0 = Release|Any CPU
		{74653220-1744-4AD0-8B17-4C5C649EA6D3}.Debug|Any CPU.ActiveCfg = Debug|Any CPU
		{74653220-1744-4AD0-8B17-4C5C649EA6D3}.Debug|Any CPU.Build.0 = Debug|Any CPU
		{74653220-1744-4AD0-8B17-4C5C649EA6D3}.Release|Any CPU.ActiveCfg = Release|Any CPU
		{74653220-1744-4AD0-8B17-4C5C649EA6D3}.Release|Any CPU.Build.0 = Release|Any CPU
		{E28C255C-633D-4A3F-9AA6-9FBA8339F3E9}.Debug|Any CPU.ActiveCfg = Debug|Any CPU
		{E28C255C-633D-4A3F-9AA6-9FBA8339F3E9}.Debug|Any CPU.Build.0 = Debug|Any CPU
		{E28C255C-633D-4A3F-9AA6-9FBA8339F3E9}.Release|Any CPU.ActiveCfg = Release|Any CPU
		{E28C255C-633D-4A3F-9AA6-9FBA8339F3E9}.Release|Any CPU.Build.0 = Release|Any CPU
		{4183D55C-956D-4CD7-9FEB-C5D771D54973}.Debug|Any CPU.ActiveCfg = Debug|Any CPU
		{4183D55C-956D-4CD7-9FEB-C5D771D54973}.Debug|Any CPU.Build.0 = Debug|Any CPU
		{4183D55C-956D-4CD7-9FEB-C5D771D54973}.Release|Any CPU.ActiveCfg = Release|Any CPU
		{4183D55C-956D-4CD7-9FEB-C5D771D54973}.Release|Any CPU.Build.0 = Release|Any CPU
		{BA25CF13-24B1-40B1-97E5-2EBF90ED1A24}.Debug|Any CPU.ActiveCfg = Debug|Any CPU
		{BA25CF13-24B1-40B1-97E5-2EBF90ED1A24}.Debug|Any CPU.Build.0 = Debug|Any CPU
		{BA25CF13-24B1-40B1-97E5-2EBF90ED1A24}.Release|Any CPU.ActiveCfg = Release|Any CPU
		{BA25CF13-24B1-40B1-97E5-2EBF90ED1A24}.Release|Any CPU.Build.0 = Release|Any CPU
		{20C8CD34-EACA-4284-9368-277CAFA3B9C3}.Debug|Any CPU.ActiveCfg = Debug|Any CPU
		{20C8CD34-EACA-4284-9368-277CAFA3B9C3}.Debug|Any CPU.Build.0 = Debug|Any CPU
		{20C8CD34-EACA-4284-9368-277CAFA3B9C3}.Release|Any CPU.ActiveCfg = Release|Any CPU
		{20C8CD34-EACA-4284-9368-277CAFA3B9C3}.Release|Any CPU.Build.0 = Release|Any CPU
		{029A981C-05EF-4556-8DEC-4A8FAA43E6AB}.Debug|Any CPU.ActiveCfg = Debug|Any CPU
		{029A981C-05EF-4556-8DEC-4A8FAA43E6AB}.Debug|Any CPU.Build.0 = Debug|Any CPU
		{029A981C-05EF-4556-8DEC-4A8FAA43E6AB}.Release|Any CPU.ActiveCfg = Release|Any CPU
		{029A981C-05EF-4556-8DEC-4A8FAA43E6AB}.Release|Any CPU.Build.0 = Release|Any CPU
		{872A9FA7-3C55-4F07-8DA6-5BEE3A930C02}.Debug|Any CPU.ActiveCfg = Debug|Any CPU
		{872A9FA7-3C55-4F07-8DA6-5BEE3A930C02}.Debug|Any CPU.Build.0 = Debug|Any CPU
		{872A9FA7-3C55-4F07-8DA6-5BEE3A930C02}.Release|Any CPU.ActiveCfg = Release|Any CPU
		{872A9FA7-3C55-4F07-8DA6-5BEE3A930C02}.Release|Any CPU.Build.0 = Release|Any CPU
		{0DA531D5-573A-42F4-A6A1-6FB3ADA097FC}.Debug|Any CPU.ActiveCfg = Debug|Any CPU
		{0DA531D5-573A-42F4-A6A1-6FB3ADA097FC}.Debug|Any CPU.Build.0 = Debug|Any CPU
		{0DA531D5-573A-42F4-A6A1-6FB3ADA097FC}.Release|Any CPU.ActiveCfg = Release|Any CPU
		{0DA531D5-573A-42F4-A6A1-6FB3ADA097FC}.Release|Any CPU.Build.0 = Release|Any CPU
		{6094F7D6-363D-4E66-A19F-515175A9BF55}.Debug|Any CPU.ActiveCfg = Debug|Any CPU
		{6094F7D6-363D-4E66-A19F-515175A9BF55}.Debug|Any CPU.Build.0 = Debug|Any CPU
		{6094F7D6-363D-4E66-A19F-515175A9BF55}.Release|Any CPU.ActiveCfg = Release|Any CPU
		{6094F7D6-363D-4E66-A19F-515175A9BF55}.Release|Any CPU.Build.0 = Release|Any CPU
		{1B43D940-DD93-450B-9FC7-7A3701E1DC61}.Debug|Any CPU.ActiveCfg = Debug|Any CPU
		{1B43D940-DD93-450B-9FC7-7A3701E1DC61}.Debug|Any CPU.Build.0 = Debug|Any CPU
		{1B43D940-DD93-450B-9FC7-7A3701E1DC61}.Release|Any CPU.ActiveCfg = Release|Any CPU
		{1B43D940-DD93-450B-9FC7-7A3701E1DC61}.Release|Any CPU.Build.0 = Release|Any CPU
		{258C9BD8-DF98-4662-BA67-FC79083FC1C3}.Debug|Any CPU.ActiveCfg = Debug|Any CPU
		{258C9BD8-DF98-4662-BA67-FC79083FC1C3}.Debug|Any CPU.Build.0 = Debug|Any CPU
		{258C9BD8-DF98-4662-BA67-FC79083FC1C3}.Release|Any CPU.ActiveCfg = Release|Any CPU
		{258C9BD8-DF98-4662-BA67-FC79083FC1C3}.Release|Any CPU.Build.0 = Release|Any CPU
		{1003FE0A-F3E3-4B9F-80EC-2E7F1D0FE37E}.Debug|Any CPU.ActiveCfg = Debug|Any CPU
		{1003FE0A-F3E3-4B9F-80EC-2E7F1D0FE37E}.Debug|Any CPU.Build.0 = Debug|Any CPU
		{1003FE0A-F3E3-4B9F-80EC-2E7F1D0FE37E}.Release|Any CPU.ActiveCfg = Release|Any CPU
		{1003FE0A-F3E3-4B9F-80EC-2E7F1D0FE37E}.Release|Any CPU.Build.0 = Release|Any CPU
		{289A434D-1570-4F73-80D8-015CB7D92DEE}.Debug|Any CPU.ActiveCfg = Debug|Any CPU
		{289A434D-1570-4F73-80D8-015CB7D92DEE}.Debug|Any CPU.Build.0 = Debug|Any CPU
		{289A434D-1570-4F73-80D8-015CB7D92DEE}.Release|Any CPU.ActiveCfg = Release|Any CPU
		{289A434D-1570-4F73-80D8-015CB7D92DEE}.Release|Any CPU.Build.0 = Release|Any CPU
		{9D122B3D-1B9D-4219-B08F-1D9C6552EB0F}.Debug|Any CPU.ActiveCfg = Debug|Any CPU
		{9D122B3D-1B9D-4219-B08F-1D9C6552EB0F}.Debug|Any CPU.Build.0 = Debug|Any CPU
		{9D122B3D-1B9D-4219-B08F-1D9C6552EB0F}.Release|Any CPU.ActiveCfg = Release|Any CPU
		{9D122B3D-1B9D-4219-B08F-1D9C6552EB0F}.Release|Any CPU.Build.0 = Release|Any CPU
	EndGlobalSection
	GlobalSection(SolutionProperties) = preSolution
		HideSolutionNode = FALSE
	EndGlobalSection
	GlobalSection(NestedProjects) = preSolution
		{8E38F589-5A86-4D9E-A807-E91758E48D2C} = {5F231AF0-BA65-4AE0-959F-A29E76CC6DFD}
		{74653220-1744-4AD0-8B17-4C5C649EA6D3} = {5F231AF0-BA65-4AE0-959F-A29E76CC6DFD}
		{E28C255C-633D-4A3F-9AA6-9FBA8339F3E9} = {5F231AF0-BA65-4AE0-959F-A29E76CC6DFD}
		{BA25CF13-24B1-40B1-97E5-2EBF90ED1A24} = {8374F15C-AE00-4F9E-AC9C-23F98189334A}
		{20C8CD34-EACA-4284-9368-277CAFA3B9C3} = {8374F15C-AE00-4F9E-AC9C-23F98189334A}
		{029A981C-05EF-4556-8DEC-4A8FAA43E6AB} = {8374F15C-AE00-4F9E-AC9C-23F98189334A}
		{872A9FA7-3C55-4F07-8DA6-5BEE3A930C02} = {5F231AF0-BA65-4AE0-959F-A29E76CC6DFD}
		{0DA531D5-573A-42F4-A6A1-6FB3ADA097FC} = {5F231AF0-BA65-4AE0-959F-A29E76CC6DFD}
		{6094F7D6-363D-4E66-A19F-515175A9BF55} = {5F231AF0-BA65-4AE0-959F-A29E76CC6DFD}
		{258C9BD8-DF98-4662-BA67-FC79083FC1C3} = {8374F15C-AE00-4F9E-AC9C-23F98189334A}
		{289A434D-1570-4F73-80D8-015CB7D92DEE} = {5F231AF0-BA65-4AE0-959F-A29E76CC6DFD}
		{9D122B3D-1B9D-4219-B08F-1D9C6552EB0F} = {5F231AF0-BA65-4AE0-959F-A29E76CC6DFD}
	EndGlobalSection
	GlobalSection(ExtensibilityGlobals) = postSolution
		SolutionGuid = {5EB716AC-1004-4514-8045-DAFF9636F0C5}
	EndGlobalSection
EndGlobal
