
Microsoft Visual Studio Solution File, Format Version 12.00
# Visual Studio Version 17
VisualStudioVersion = 17.0.32112.339
MinimumVisualStudioVersion = 10.0.40219.1
Project("{9A19103F-16F7-4668-BE54-9A1E7A4F7556}") = "SimpleS3.Core", "SimpleS3.Core\SimpleS3.Core.csproj", "{C9E0C330-EE8C-4478-8E5E-6A9A7860EDD4}"
EndProject
Project("{9A19103F-16F7-4668-BE54-9A1E7A4F7556}") = "SimpleS3.Core.Tests", "SimpleS3.Core.Tests\SimpleS3.Core.Tests.csproj", "{22C62A1F-29CA-4938-8C15-0A5277395C4C}"
EndProject
Project("{9A19103F-16F7-4668-BE54-9A1E7A4F7556}") = "SimpleS3.Examples", "SimpleS3.Examples\SimpleS3.Examples.csproj", "{6C2BD045-9FB3-485B-91CC-83B7A36DD0E0}"
EndProject
Project("{2150E333-8FDC-42A3-9474-1A3956D46DE8}") = "_Items", "_Items", "{7C26C924-7B82-4A50-8BF0-584930DEF401}"
	ProjectSection(SolutionItems) = preProject
		..\Config.json = ..\Config.json
		..\Global.ruleset = ..\Global.ruleset
		..\README.md = ..\README.md
	EndProjectSection
EndProject
Project("{9A19103F-16F7-4668-BE54-9A1E7A4F7556}") = "SimpleS3.Core.Benchmarks", "SimpleS3.Core.Benchmarks\SimpleS3.Core.Benchmarks.csproj", "{C35C127C-BE44-4991-B7E3-56E9A2F77D25}"
EndProject
Project("{2150E333-8FDC-42A3-9474-1A3956D46DE8}") = "Extensions", "Extensions", "{5F231AF0-BA65-4AE0-959F-A29E76CC6DFD}"
EndProject
Project("{9A19103F-16F7-4668-BE54-9A1E7A4F7556}") = "SimpleS3.Core.Abstracts", "SimpleS3.Core.Abstracts\SimpleS3.Core.Abstracts.csproj", "{69BAC41D-D8A2-4EDA-B77E-FC4C3DCF2B6C}"
EndProject
Project("{9A19103F-16F7-4668-BE54-9A1E7A4F7556}") = "SimpleS3.Extensions.ProfileManager", "SimpleS3.Extensions.ProfileManager\SimpleS3.Extensions.ProfileManager.csproj", "{8E38F589-5A86-4D9E-A807-E91758E48D2C}"
EndProject
Project("{9A19103F-16F7-4668-BE54-9A1E7A4F7556}") = "SimpleS3.Core.Common", "SimpleS3.Core.Common\SimpleS3.Core.Common.csproj", "{861ACA87-A790-4D62-8DF9-8B8ACBF869DF}"
EndProject
Project("{9A19103F-16F7-4668-BE54-9A1E7A4F7556}") = "SimpleS3.Core.Common.Tests", "SimpleS3.Core.Common.Tests\SimpleS3.Core.Common.Tests.csproj", "{43F7AAA1-C8BE-4E7A-8FF4-81554902B34E}"
EndProject
Project("{9A19103F-16F7-4668-BE54-9A1E7A4F7556}") = "SimpleS3.Extensions.HttpClient", "SimpleS3.Extensions.HttpClient\SimpleS3.Extensions.HttpClient.csproj", "{74653220-1744-4AD0-8B17-4C5C649EA6D3}"
EndProject
Project("{9A19103F-16F7-4668-BE54-9A1E7A4F7556}") = "SimpleS3.Extensions.HttpClientFactory", "SimpleS3.Extensions.HttpClientFactory\SimpleS3.Extensions.HttpClientFactory.csproj", "{E28C255C-633D-4A3F-9AA6-9FBA8339F3E9}"
EndProject
Project("{9A19103F-16F7-4668-BE54-9A1E7A4F7556}") = "SimpleS3.Extensions.HttpClientFactory.Polly", "SimpleS3.Extensions.HttpClientFactory.Polly\SimpleS3.Extensions.HttpClientFactory.Polly.csproj", "{872A9FA7-3C55-4F07-8DA6-5BEE3A930C02}"
EndProject
Project("{9A19103F-16F7-4668-BE54-9A1E7A4F7556}") = "SimpleS3.Core.TestBase", "SimpleS3.Core.TestBase\SimpleS3.Core.TestBase.csproj", "{1B43D940-DD93-450B-9FC7-7A3701E1DC61}"
EndProject
Project("{2150E333-8FDC-42A3-9474-1A3956D46DE8}") = "_Imports", "_Imports", "{62F2C837-5670-4C27-9609-90F8B67BEC8E}"
	ProjectSection(SolutionItems) = preProject
		..\.gitattributes = ..\.gitattributes
		..\.gitignore = ..\.gitignore
		..\Config.json = ..\Config.json
		..\Directory.Build.props = ..\Directory.Build.props
		..\Global.ruleset = ..\Global.ruleset
		..\LICENSE.txt = ..\LICENSE.txt
		..\README.md = ..\README.md
		..\SECURITY.md = ..\SECURITY.md
		..\Imports\TestImport.props = ..\Imports\TestImport.props
		..\Imports\UtilityImport.props = ..\Imports\UtilityImport.props
	EndProjectSection
EndProject
Project("{9A19103F-16F7-4668-BE54-9A1E7A4F7556}") = "SimpleS3.ExamplesAdvanced", "SimpleS3.ExamplesAdvanced\SimpleS3.ExamplesAdvanced.csproj", "{1003FE0A-F3E3-4B9F-80EC-2E7F1D0FE37E}"
EndProject
Project("{9A19103F-16F7-4668-BE54-9A1E7A4F7556}") = "SimpleS3.Extensions.AmazonS3", "SimpleS3.Extensions.AmazonS3\SimpleS3.Extensions.AmazonS3.csproj", "{289A434D-1570-4F73-80D8-015CB7D92DEE}"
EndProject
Project("{9A19103F-16F7-4668-BE54-9A1E7A4F7556}") = "SimpleS3.Extensions.AmazonS3.Tests", "SimpleS3.Extensions.AmazonS3.Tests\SimpleS3.Extensions.AmazonS3.Tests.csproj", "{9D122B3D-1B9D-4219-B08F-1D9C6552EB0F}"
EndProject
Project("{9A19103F-16F7-4668-BE54-9A1E7A4F7556}") = "SimpleS3.ProviderBase", "SimpleS3.ProviderBase\SimpleS3.ProviderBase.csproj", "{D784AEF4-9B6B-45FF-A029-53482A2EA45D}"
EndProject
Project("{9A19103F-16F7-4668-BE54-9A1E7A4F7556}") = "SimpleS3.AmazonS3", "SimpleS3.AmazonS3\SimpleS3.AmazonS3.csproj", "{57349174-579C-4ADB-A5DE-FF0D04ADF10C}"
EndProject
Project("{9A19103F-16F7-4668-BE54-9A1E7A4F7556}") = "SimpleS3.AmazonS3.Tests", "SimpleS3.AmazonS3.Tests\SimpleS3.AmazonS3.Tests.csproj", "{E90C942A-F022-4277-BF18-E16800B1FA2F}"
EndProject
Project("{2150E333-8FDC-42A3-9474-1A3956D46DE8}") = "Clients", "Clients", "{E0B7243F-9495-459C-9108-2B422C2BA546}"
EndProject
Project("{2150E333-8FDC-42A3-9474-1A3956D46DE8}") = "Examples", "Examples", "{E9833532-77A7-4851-A080-D0563381D016}"
EndProject
Global
	GlobalSection(SolutionConfigurationPlatforms) = preSolution
		CommercialDebug|Any CPU = CommercialDebug|Any CPU
		CommercialRelease|Any CPU = CommercialRelease|Any CPU
		Debug|Any CPU = Debug|Any CPU
		Release|Any CPU = Release|Any CPU
	EndGlobalSection
	GlobalSection(ProjectConfigurationPlatforms) = postSolution
		{C9E0C330-EE8C-4478-8E5E-6A9A7860EDD4}.CommercialDebug|Any CPU.ActiveCfg = CommercialDebug|Any CPU
		{C9E0C330-EE8C-4478-8E5E-6A9A7860EDD4}.CommercialDebug|Any CPU.Build.0 = CommercialDebug|Any CPU
		{C9E0C330-EE8C-4478-8E5E-6A9A7860EDD4}.CommercialRelease|Any CPU.ActiveCfg = CommercialRelease|Any CPU
		{C9E0C330-EE8C-4478-8E5E-6A9A7860EDD4}.CommercialRelease|Any CPU.Build.0 = CommercialRelease|Any CPU
		{C9E0C330-EE8C-4478-8E5E-6A9A7860EDD4}.Debug|Any CPU.ActiveCfg = Debug|Any CPU
		{C9E0C330-EE8C-4478-8E5E-6A9A7860EDD4}.Debug|Any CPU.Build.0 = Debug|Any CPU
		{C9E0C330-EE8C-4478-8E5E-6A9A7860EDD4}.Release|Any CPU.ActiveCfg = Release|Any CPU
		{C9E0C330-EE8C-4478-8E5E-6A9A7860EDD4}.Release|Any CPU.Build.0 = Release|Any CPU
		{22C62A1F-29CA-4938-8C15-0A5277395C4C}.CommercialDebug|Any CPU.ActiveCfg = CommercialDebug|Any CPU
		{22C62A1F-29CA-4938-8C15-0A5277395C4C}.CommercialDebug|Any CPU.Build.0 = CommercialDebug|Any CPU
		{22C62A1F-29CA-4938-8C15-0A5277395C4C}.CommercialRelease|Any CPU.ActiveCfg = CommercialRelease|Any CPU
		{22C62A1F-29CA-4938-8C15-0A5277395C4C}.CommercialRelease|Any CPU.Build.0 = CommercialRelease|Any CPU
		{22C62A1F-29CA-4938-8C15-0A5277395C4C}.Debug|Any CPU.ActiveCfg = Debug|Any CPU
		{22C62A1F-29CA-4938-8C15-0A5277395C4C}.Debug|Any CPU.Build.0 = Debug|Any CPU
		{22C62A1F-29CA-4938-8C15-0A5277395C4C}.Release|Any CPU.ActiveCfg = Release|Any CPU
		{22C62A1F-29CA-4938-8C15-0A5277395C4C}.Release|Any CPU.Build.0 = Release|Any CPU
		{6C2BD045-9FB3-485B-91CC-83B7A36DD0E0}.CommercialDebug|Any CPU.ActiveCfg = CommercialDebug|Any CPU
		{6C2BD045-9FB3-485B-91CC-83B7A36DD0E0}.CommercialDebug|Any CPU.Build.0 = CommercialDebug|Any CPU
		{6C2BD045-9FB3-485B-91CC-83B7A36DD0E0}.CommercialRelease|Any CPU.ActiveCfg = CommercialRelease|Any CPU
		{6C2BD045-9FB3-485B-91CC-83B7A36DD0E0}.CommercialRelease|Any CPU.Build.0 = CommercialRelease|Any CPU
		{6C2BD045-9FB3-485B-91CC-83B7A36DD0E0}.Debug|Any CPU.ActiveCfg = Debug|Any CPU
		{6C2BD045-9FB3-485B-91CC-83B7A36DD0E0}.Debug|Any CPU.Build.0 = Debug|Any CPU
		{6C2BD045-9FB3-485B-91CC-83B7A36DD0E0}.Release|Any CPU.ActiveCfg = Release|Any CPU
		{6C2BD045-9FB3-485B-91CC-83B7A36DD0E0}.Release|Any CPU.Build.0 = Release|Any CPU
		{C35C127C-BE44-4991-B7E3-56E9A2F77D25}.CommercialDebug|Any CPU.ActiveCfg = CommercialDebug|Any CPU
		{C35C127C-BE44-4991-B7E3-56E9A2F77D25}.CommercialDebug|Any CPU.Build.0 = CommercialDebug|Any CPU
		{C35C127C-BE44-4991-B7E3-56E9A2F77D25}.CommercialRelease|Any CPU.ActiveCfg = CommercialRelease|Any CPU
		{C35C127C-BE44-4991-B7E3-56E9A2F77D25}.CommercialRelease|Any CPU.Build.0 = CommercialRelease|Any CPU
		{C35C127C-BE44-4991-B7E3-56E9A2F77D25}.Debug|Any CPU.ActiveCfg = Debug|Any CPU
		{C35C127C-BE44-4991-B7E3-56E9A2F77D25}.Debug|Any CPU.Build.0 = Debug|Any CPU
		{C35C127C-BE44-4991-B7E3-56E9A2F77D25}.Release|Any CPU.ActiveCfg = Release|Any CPU
		{C35C127C-BE44-4991-B7E3-56E9A2F77D25}.Release|Any CPU.Build.0 = Release|Any CPU
		{69BAC41D-D8A2-4EDA-B77E-FC4C3DCF2B6C}.CommercialDebug|Any CPU.ActiveCfg = CommercialDebug|Any CPU
		{69BAC41D-D8A2-4EDA-B77E-FC4C3DCF2B6C}.CommercialDebug|Any CPU.Build.0 = CommercialDebug|Any CPU
		{69BAC41D-D8A2-4EDA-B77E-FC4C3DCF2B6C}.CommercialRelease|Any CPU.ActiveCfg = CommercialRelease|Any CPU
		{69BAC41D-D8A2-4EDA-B77E-FC4C3DCF2B6C}.CommercialRelease|Any CPU.Build.0 = CommercialRelease|Any CPU
		{69BAC41D-D8A2-4EDA-B77E-FC4C3DCF2B6C}.Debug|Any CPU.ActiveCfg = Debug|Any CPU
		{69BAC41D-D8A2-4EDA-B77E-FC4C3DCF2B6C}.Debug|Any CPU.Build.0 = Debug|Any CPU
		{69BAC41D-D8A2-4EDA-B77E-FC4C3DCF2B6C}.Release|Any CPU.ActiveCfg = Release|Any CPU
		{69BAC41D-D8A2-4EDA-B77E-FC4C3DCF2B6C}.Release|Any CPU.Build.0 = Release|Any CPU
		{8E38F589-5A86-4D9E-A807-E91758E48D2C}.CommercialDebug|Any CPU.ActiveCfg = CommercialDebug|Any CPU
		{8E38F589-5A86-4D9E-A807-E91758E48D2C}.CommercialDebug|Any CPU.Build.0 = CommercialDebug|Any CPU
		{8E38F589-5A86-4D9E-A807-E91758E48D2C}.CommercialRelease|Any CPU.ActiveCfg = CommercialRelease|Any CPU
		{8E38F589-5A86-4D9E-A807-E91758E48D2C}.CommercialRelease|Any CPU.Build.0 = CommercialRelease|Any CPU
		{8E38F589-5A86-4D9E-A807-E91758E48D2C}.Debug|Any CPU.ActiveCfg = Debug|Any CPU
		{8E38F589-5A86-4D9E-A807-E91758E48D2C}.Debug|Any CPU.Build.0 = Debug|Any CPU
		{8E38F589-5A86-4D9E-A807-E91758E48D2C}.Release|Any CPU.ActiveCfg = Release|Any CPU
		{8E38F589-5A86-4D9E-A807-E91758E48D2C}.Release|Any CPU.Build.0 = Release|Any CPU
		{861ACA87-A790-4D62-8DF9-8B8ACBF869DF}.CommercialDebug|Any CPU.ActiveCfg = CommercialDebug|Any CPU
		{861ACA87-A790-4D62-8DF9-8B8ACBF869DF}.CommercialDebug|Any CPU.Build.0 = CommercialDebug|Any CPU
		{861ACA87-A790-4D62-8DF9-8B8ACBF869DF}.CommercialRelease|Any CPU.ActiveCfg = CommercialRelease|Any CPU
		{861ACA87-A790-4D62-8DF9-8B8ACBF869DF}.CommercialRelease|Any CPU.Build.0 = CommercialRelease|Any CPU
		{861ACA87-A790-4D62-8DF9-8B8ACBF869DF}.Debug|Any CPU.ActiveCfg = Debug|Any CPU
		{861ACA87-A790-4D62-8DF9-8B8ACBF869DF}.Debug|Any CPU.Build.0 = Debug|Any CPU
		{861ACA87-A790-4D62-8DF9-8B8ACBF869DF}.Release|Any CPU.ActiveCfg = Release|Any CPU
		{861ACA87-A790-4D62-8DF9-8B8ACBF869DF}.Release|Any CPU.Build.0 = Release|Any CPU
		{43F7AAA1-C8BE-4E7A-8FF4-81554902B34E}.CommercialDebug|Any CPU.ActiveCfg = CommercialDebug|Any CPU
		{43F7AAA1-C8BE-4E7A-8FF4-81554902B34E}.CommercialDebug|Any CPU.Build.0 = CommercialDebug|Any CPU
		{43F7AAA1-C8BE-4E7A-8FF4-81554902B34E}.CommercialRelease|Any CPU.ActiveCfg = CommercialRelease|Any CPU
		{43F7AAA1-C8BE-4E7A-8FF4-81554902B34E}.CommercialRelease|Any CPU.Build.0 = CommercialRelease|Any CPU
		{43F7AAA1-C8BE-4E7A-8FF4-81554902B34E}.Debug|Any CPU.ActiveCfg = Debug|Any CPU
		{43F7AAA1-C8BE-4E7A-8FF4-81554902B34E}.Debug|Any CPU.Build.0 = Debug|Any CPU
		{43F7AAA1-C8BE-4E7A-8FF4-81554902B34E}.Release|Any CPU.ActiveCfg = Release|Any CPU
		{43F7AAA1-C8BE-4E7A-8FF4-81554902B34E}.Release|Any CPU.Build.0 = Release|Any CPU
		{74653220-1744-4AD0-8B17-4C5C649EA6D3}.CommercialDebug|Any CPU.ActiveCfg = CommercialDebug|Any CPU
		{74653220-1744-4AD0-8B17-4C5C649EA6D3}.CommercialDebug|Any CPU.Build.0 = CommercialDebug|Any CPU
		{74653220-1744-4AD0-8B17-4C5C649EA6D3}.CommercialRelease|Any CPU.ActiveCfg = CommercialRelease|Any CPU
		{74653220-1744-4AD0-8B17-4C5C649EA6D3}.CommercialRelease|Any CPU.Build.0 = CommercialRelease|Any CPU
		{74653220-1744-4AD0-8B17-4C5C649EA6D3}.Debug|Any CPU.ActiveCfg = Debug|Any CPU
		{74653220-1744-4AD0-8B17-4C5C649EA6D3}.Debug|Any CPU.Build.0 = Debug|Any CPU
		{74653220-1744-4AD0-8B17-4C5C649EA6D3}.Release|Any CPU.ActiveCfg = Release|Any CPU
		{74653220-1744-4AD0-8B17-4C5C649EA6D3}.Release|Any CPU.Build.0 = Release|Any CPU
		{E28C255C-633D-4A3F-9AA6-9FBA8339F3E9}.CommercialDebug|Any CPU.ActiveCfg = CommercialDebug|Any CPU
		{E28C255C-633D-4A3F-9AA6-9FBA8339F3E9}.CommercialDebug|Any CPU.Build.0 = CommercialDebug|Any CPU
		{E28C255C-633D-4A3F-9AA6-9FBA8339F3E9}.CommercialRelease|Any CPU.ActiveCfg = CommercialRelease|Any CPU
		{E28C255C-633D-4A3F-9AA6-9FBA8339F3E9}.CommercialRelease|Any CPU.Build.0 = CommercialRelease|Any CPU
		{E28C255C-633D-4A3F-9AA6-9FBA8339F3E9}.Debug|Any CPU.ActiveCfg = Debug|Any CPU
		{E28C255C-633D-4A3F-9AA6-9FBA8339F3E9}.Debug|Any CPU.Build.0 = Debug|Any CPU
		{E28C255C-633D-4A3F-9AA6-9FBA8339F3E9}.Release|Any CPU.ActiveCfg = Release|Any CPU
		{E28C255C-633D-4A3F-9AA6-9FBA8339F3E9}.Release|Any CPU.Build.0 = Release|Any CPU
		{872A9FA7-3C55-4F07-8DA6-5BEE3A930C02}.CommercialDebug|Any CPU.ActiveCfg = CommercialDebug|Any CPU
		{872A9FA7-3C55-4F07-8DA6-5BEE3A930C02}.CommercialDebug|Any CPU.Build.0 = CommercialDebug|Any CPU
		{872A9FA7-3C55-4F07-8DA6-5BEE3A930C02}.CommercialRelease|Any CPU.ActiveCfg = CommercialRelease|Any CPU
		{872A9FA7-3C55-4F07-8DA6-5BEE3A930C02}.CommercialRelease|Any CPU.Build.0 = CommercialRelease|Any CPU
		{872A9FA7-3C55-4F07-8DA6-5BEE3A930C02}.Debug|Any CPU.ActiveCfg = Debug|Any CPU
		{872A9FA7-3C55-4F07-8DA6-5BEE3A930C02}.Debug|Any CPU.Build.0 = Debug|Any CPU
		{872A9FA7-3C55-4F07-8DA6-5BEE3A930C02}.Release|Any CPU.ActiveCfg = Release|Any CPU
		{872A9FA7-3C55-4F07-8DA6-5BEE3A930C02}.Release|Any CPU.Build.0 = Release|Any CPU
		{1B43D940-DD93-450B-9FC7-7A3701E1DC61}.CommercialDebug|Any CPU.ActiveCfg = CommercialDebug|Any CPU
		{1B43D940-DD93-450B-9FC7-7A3701E1DC61}.CommercialDebug|Any CPU.Build.0 = CommercialDebug|Any CPU
		{1B43D940-DD93-450B-9FC7-7A3701E1DC61}.CommercialRelease|Any CPU.ActiveCfg = CommercialRelease|Any CPU
		{1B43D940-DD93-450B-9FC7-7A3701E1DC61}.CommercialRelease|Any CPU.Build.0 = CommercialRelease|Any CPU
		{1B43D940-DD93-450B-9FC7-7A3701E1DC61}.Debug|Any CPU.ActiveCfg = Debug|Any CPU
		{1B43D940-DD93-450B-9FC7-7A3701E1DC61}.Debug|Any CPU.Build.0 = Debug|Any CPU
		{1B43D940-DD93-450B-9FC7-7A3701E1DC61}.Release|Any CPU.ActiveCfg = Release|Any CPU
		{1B43D940-DD93-450B-9FC7-7A3701E1DC61}.Release|Any CPU.Build.0 = Release|Any CPU
		{1003FE0A-F3E3-4B9F-80EC-2E7F1D0FE37E}.CommercialDebug|Any CPU.ActiveCfg = CommercialDebug|Any CPU
		{1003FE0A-F3E3-4B9F-80EC-2E7F1D0FE37E}.CommercialDebug|Any CPU.Build.0 = CommercialDebug|Any CPU
		{1003FE0A-F3E3-4B9F-80EC-2E7F1D0FE37E}.CommercialRelease|Any CPU.ActiveCfg = CommercialRelease|Any CPU
		{1003FE0A-F3E3-4B9F-80EC-2E7F1D0FE37E}.CommercialRelease|Any CPU.Build.0 = CommercialRelease|Any CPU
		{1003FE0A-F3E3-4B9F-80EC-2E7F1D0FE37E}.Debug|Any CPU.ActiveCfg = Debug|Any CPU
		{1003FE0A-F3E3-4B9F-80EC-2E7F1D0FE37E}.Debug|Any CPU.Build.0 = Debug|Any CPU
		{1003FE0A-F3E3-4B9F-80EC-2E7F1D0FE37E}.Release|Any CPU.ActiveCfg = Release|Any CPU
		{1003FE0A-F3E3-4B9F-80EC-2E7F1D0FE37E}.Release|Any CPU.Build.0 = Release|Any CPU
		{289A434D-1570-4F73-80D8-015CB7D92DEE}.CommercialDebug|Any CPU.ActiveCfg = CommercialDebug|Any CPU
		{289A434D-1570-4F73-80D8-015CB7D92DEE}.CommercialDebug|Any CPU.Build.0 = CommercialDebug|Any CPU
		{289A434D-1570-4F73-80D8-015CB7D92DEE}.CommercialRelease|Any CPU.ActiveCfg = CommercialRelease|Any CPU
		{289A434D-1570-4F73-80D8-015CB7D92DEE}.CommercialRelease|Any CPU.Build.0 = CommercialRelease|Any CPU
		{289A434D-1570-4F73-80D8-015CB7D92DEE}.Debug|Any CPU.ActiveCfg = Debug|Any CPU
		{289A434D-1570-4F73-80D8-015CB7D92DEE}.Debug|Any CPU.Build.0 = Debug|Any CPU
		{289A434D-1570-4F73-80D8-015CB7D92DEE}.Release|Any CPU.ActiveCfg = Release|Any CPU
		{289A434D-1570-4F73-80D8-015CB7D92DEE}.Release|Any CPU.Build.0 = Release|Any CPU
		{9D122B3D-1B9D-4219-B08F-1D9C6552EB0F}.CommercialDebug|Any CPU.ActiveCfg = CommercialDebug|Any CPU
		{9D122B3D-1B9D-4219-B08F-1D9C6552EB0F}.CommercialDebug|Any CPU.Build.0 = CommercialDebug|Any CPU
		{9D122B3D-1B9D-4219-B08F-1D9C6552EB0F}.CommercialRelease|Any CPU.ActiveCfg = CommercialRelease|Any CPU
		{9D122B3D-1B9D-4219-B08F-1D9C6552EB0F}.CommercialRelease|Any CPU.Build.0 = CommercialRelease|Any CPU
		{9D122B3D-1B9D-4219-B08F-1D9C6552EB0F}.Debug|Any CPU.ActiveCfg = Debug|Any CPU
		{9D122B3D-1B9D-4219-B08F-1D9C6552EB0F}.Debug|Any CPU.Build.0 = Debug|Any CPU
		{9D122B3D-1B9D-4219-B08F-1D9C6552EB0F}.Release|Any CPU.ActiveCfg = Release|Any CPU
		{9D122B3D-1B9D-4219-B08F-1D9C6552EB0F}.Release|Any CPU.Build.0 = Release|Any CPU
		{D784AEF4-9B6B-45FF-A029-53482A2EA45D}.CommercialDebug|Any CPU.ActiveCfg = CommercialDebug|Any CPU
		{D784AEF4-9B6B-45FF-A029-53482A2EA45D}.CommercialDebug|Any CPU.Build.0 = CommercialDebug|Any CPU
		{D784AEF4-9B6B-45FF-A029-53482A2EA45D}.CommercialRelease|Any CPU.ActiveCfg = CommercialRelease|Any CPU
		{D784AEF4-9B6B-45FF-A029-53482A2EA45D}.CommercialRelease|Any CPU.Build.0 = CommercialRelease|Any CPU
		{D784AEF4-9B6B-45FF-A029-53482A2EA45D}.Debug|Any CPU.ActiveCfg = Debug|Any CPU
		{D784AEF4-9B6B-45FF-A029-53482A2EA45D}.Debug|Any CPU.Build.0 = Debug|Any CPU
		{D784AEF4-9B6B-45FF-A029-53482A2EA45D}.Release|Any CPU.ActiveCfg = Release|Any CPU
		{D784AEF4-9B6B-45FF-A029-53482A2EA45D}.Release|Any CPU.Build.0 = Release|Any CPU
		{57349174-579C-4ADB-A5DE-FF0D04ADF10C}.CommercialDebug|Any CPU.ActiveCfg = CommercialDebug|Any CPU
		{57349174-579C-4ADB-A5DE-FF0D04ADF10C}.CommercialDebug|Any CPU.Build.0 = CommercialDebug|Any CPU
		{57349174-579C-4ADB-A5DE-FF0D04ADF10C}.CommercialRelease|Any CPU.ActiveCfg = CommercialRelease|Any CPU
		{57349174-579C-4ADB-A5DE-FF0D04ADF10C}.CommercialRelease|Any CPU.Build.0 = CommercialRelease|Any CPU
		{57349174-579C-4ADB-A5DE-FF0D04ADF10C}.Debug|Any CPU.ActiveCfg = Debug|Any CPU
		{57349174-579C-4ADB-A5DE-FF0D04ADF10C}.Debug|Any CPU.Build.0 = Debug|Any CPU
		{57349174-579C-4ADB-A5DE-FF0D04ADF10C}.Release|Any CPU.ActiveCfg = Release|Any CPU
		{57349174-579C-4ADB-A5DE-FF0D04ADF10C}.Release|Any CPU.Build.0 = Release|Any CPU
		{E90C942A-F022-4277-BF18-E16800B1FA2F}.CommercialDebug|Any CPU.ActiveCfg = CommercialDebug|Any CPU
		{E90C942A-F022-4277-BF18-E16800B1FA2F}.CommercialDebug|Any CPU.Build.0 = CommercialDebug|Any CPU
		{E90C942A-F022-4277-BF18-E16800B1FA2F}.CommercialRelease|Any CPU.ActiveCfg = CommercialRelease|Any CPU
		{E90C942A-F022-4277-BF18-E16800B1FA2F}.CommercialRelease|Any CPU.Build.0 = CommercialRelease|Any CPU
		{E90C942A-F022-4277-BF18-E16800B1FA2F}.Debug|Any CPU.ActiveCfg = Debug|Any CPU
		{E90C942A-F022-4277-BF18-E16800B1FA2F}.Debug|Any CPU.Build.0 = Debug|Any CPU
		{E90C942A-F022-4277-BF18-E16800B1FA2F}.Release|Any CPU.ActiveCfg = Release|Any CPU
		{E90C942A-F022-4277-BF18-E16800B1FA2F}.Release|Any CPU.Build.0 = Release|Any CPU
	EndGlobalSection
	GlobalSection(SolutionProperties) = preSolution
		HideSolutionNode = FALSE
	EndGlobalSection
	GlobalSection(NestedProjects) = preSolution
		{6C2BD045-9FB3-485B-91CC-83B7A36DD0E0} = {E9833532-77A7-4851-A080-D0563381D016}
		{8E38F589-5A86-4D9E-A807-E91758E48D2C} = {5F231AF0-BA65-4AE0-959F-A29E76CC6DFD}
		{74653220-1744-4AD0-8B17-4C5C649EA6D3} = {5F231AF0-BA65-4AE0-959F-A29E76CC6DFD}
		{E28C255C-633D-4A3F-9AA6-9FBA8339F3E9} = {5F231AF0-BA65-4AE0-959F-A29E76CC6DFD}
		{872A9FA7-3C55-4F07-8DA6-5BEE3A930C02} = {5F231AF0-BA65-4AE0-959F-A29E76CC6DFD}
		{1003FE0A-F3E3-4B9F-80EC-2E7F1D0FE37E} = {E9833532-77A7-4851-A080-D0563381D016}
		{289A434D-1570-4F73-80D8-015CB7D92DEE} = {5F231AF0-BA65-4AE0-959F-A29E76CC6DFD}
		{9D122B3D-1B9D-4219-B08F-1D9C6552EB0F} = {5F231AF0-BA65-4AE0-959F-A29E76CC6DFD}
		{57349174-579C-4ADB-A5DE-FF0D04ADF10C} = {E0B7243F-9495-459C-9108-2B422C2BA546}
		{E90C942A-F022-4277-BF18-E16800B1FA2F} = {E0B7243F-9495-459C-9108-2B422C2BA546}
	EndGlobalSection
	GlobalSection(ExtensibilityGlobals) = postSolution
		SolutionGuid = {5EB716AC-1004-4514-8045-DAFF9636F0C5}
	EndGlobalSection
EndGlobal
