
Microsoft Visual Studio Solution File, Format Version 12.00
# Visual Studio Version 16
VisualStudioVersion = 16.0.28922.388
MinimumVisualStudioVersion = 10.0.40219.1
Project("{9A19103F-16F7-4668-BE54-9A1E7A4F7556}") = "SimpleS3.Core", "SimpleS3.Core\SimpleS3.Core.csproj", "{C9E0C330-EE8C-4478-8E5E-6A9A7860EDD4}"
EndProject
Project("{9A19103F-16F7-4668-BE54-9A1E7A4F7556}") = "SimpleS3.Tests", "SimpleS3.Tests\SimpleS3.Tests.csproj", "{22C62A1F-29CA-4938-8C15-0A5277395C4C}"
EndProject
Project("{9A19103F-16F7-4668-BE54-9A1E7A4F7556}") = "SimpleS3.Examples", "SimpleS3.Examples\SimpleS3.Examples.csproj", "{6C2BD045-9FB3-485B-91CC-83B7A36DD0E0}"
EndProject
Project("{2150E333-8FDC-42A3-9474-1A3956D46DE8}") = "Items", "Items", "{7C26C924-7B82-4A50-8BF0-584930DEF401}"
	ProjectSection(SolutionItems) = preProject
		..\Directory.Build.props = ..\Directory.Build.props
		..\Global.ruleset = ..\Global.ruleset
		..\README.md = ..\README.md
	EndProjectSection
EndProject
Project("{9A19103F-16F7-4668-BE54-9A1E7A4F7556}") = "SimpleS3.Benchmarks", "SimpleS3.Benchmarks\SimpleS3.Benchmarks.csproj", "{C35C127C-BE44-4991-B7E3-56E9A2F77D25}"
EndProject
Project("{9A19103F-16F7-4668-BE54-9A1E7A4F7556}") = "SimpleS3.Extensions.HttpClient", "SimpleS3.Extensions.HttpClient\SimpleS3.Extensions.HttpClient.csproj", "{27DC540F-7116-4C98-9602-7245E7ED2CE0}"
EndProject
Project("{9A19103F-16F7-4668-BE54-9A1E7A4F7556}") = "SimpleS3", "SimpleS3\SimpleS3.csproj", "{491E17B3-D66D-4C79-8E6A-E71F421FA6F6}"
EndProject
Project("{2150E333-8FDC-42A3-9474-1A3956D46DE8}") = "Extensions", "Extensions", "{5F231AF0-BA65-4AE0-959F-A29E76CC6DFD}"
EndProject
Project("{9A19103F-16F7-4668-BE54-9A1E7A4F7556}") = "SimpleS3.Abstracts", "SimpleS3.Abstracts\SimpleS3.Abstracts.csproj", "{69BAC41D-D8A2-4EDA-B77E-FC4C3DCF2B6C}"
EndProject
Project("{9A19103F-16F7-4668-BE54-9A1E7A4F7556}") = "SimpleS3.Extensions.ProfileManager", "SimpleS3.Extensions.ProfileManager\SimpleS3.Extensions.ProfileManager.csproj", "{8E38F589-5A86-4D9E-A807-E91758E48D2C}"
EndProject
Project("{9A19103F-16F7-4668-BE54-9A1E7A4F7556}") = "SimpleS3.Utils", "SimpleS3.Utils\SimpleS3.Utils.csproj", "{861ACA87-A790-4D62-8DF9-8B8ACBF869DF}"
EndProject
Project("{9A19103F-16F7-4668-BE54-9A1E7A4F7556}") = "SimpleS3.Utils.Tests", "SimpleS3.Utils.Tests\SimpleS3.Utils.Tests.csproj", "{43F7AAA1-C8BE-4E7A-8FF4-81554902B34E}"
EndProject
Project("{2150E333-8FDC-42A3-9474-1A3956D46DE8}") = "Cli", "Cli", "{31075536-B63C-4DF5-B800-09ABB3F04B07}"
EndProject
Project("{9A19103F-16F7-4668-BE54-9A1E7A4F7556}") = "SimpleS3.Cli", "SimpleS3.Cli\SimpleS3.Cli.csproj", "{873F8AC7-E903-49ED-80FD-63486D62E4F8}"
EndProject
Project("{9A19103F-16F7-4668-BE54-9A1E7A4F7556}") = "SimpleS3.Cli.Core", "SimpleS3.Cli.Core\SimpleS3.Cli.Core.csproj", "{99BDB5FA-F7F7-4561-820C-D4CDB879736E}"
EndProject
Project("{9A19103F-16F7-4668-BE54-9A1E7A4F7556}") = "SimpleS3.Cli.Core.Tests", "SimpleS3.Cli.Core.Tests\SimpleS3.Cli.Core.Tests.csproj", "{B4142560-8772-471C-A4A7-927B66BB8602}"
EndProject
Global
	GlobalSection(SolutionConfigurationPlatforms) = preSolution
		Debug|Any CPU = Debug|Any CPU
		Release|Any CPU = Release|Any CPU
	EndGlobalSection
	GlobalSection(ProjectConfigurationPlatforms) = postSolution
		{C9E0C330-EE8C-4478-8E5E-6A9A7860EDD4}.Debug|Any CPU.ActiveCfg = Debug|Any CPU
		{C9E0C330-EE8C-4478-8E5E-6A9A7860EDD4}.Debug|Any CPU.Build.0 = Debug|Any CPU
		{C9E0C330-EE8C-4478-8E5E-6A9A7860EDD4}.Release|Any CPU.ActiveCfg = Release|Any CPU
		{C9E0C330-EE8C-4478-8E5E-6A9A7860EDD4}.Release|Any CPU.Build.0 = Release|Any CPU
		{22C62A1F-29CA-4938-8C15-0A5277395C4C}.Debug|Any CPU.ActiveCfg = Debug|Any CPU
		{22C62A1F-29CA-4938-8C15-0A5277395C4C}.Debug|Any CPU.Build.0 = Debug|Any CPU
		{22C62A1F-29CA-4938-8C15-0A5277395C4C}.Release|Any CPU.ActiveCfg = Release|Any CPU
		{22C62A1F-29CA-4938-8C15-0A5277395C4C}.Release|Any CPU.Build.0 = Release|Any CPU
		{6C2BD045-9FB3-485B-91CC-83B7A36DD0E0}.Debug|Any CPU.ActiveCfg = Debug|Any CPU
		{6C2BD045-9FB3-485B-91CC-83B7A36DD0E0}.Debug|Any CPU.Build.0 = Debug|Any CPU
		{6C2BD045-9FB3-485B-91CC-83B7A36DD0E0}.Release|Any CPU.ActiveCfg = Release|Any CPU
		{6C2BD045-9FB3-485B-91CC-83B7A36DD0E0}.Release|Any CPU.Build.0 = Release|Any CPU
		{C35C127C-BE44-4991-B7E3-56E9A2F77D25}.Debug|Any CPU.ActiveCfg = Debug|Any CPU
		{C35C127C-BE44-4991-B7E3-56E9A2F77D25}.Debug|Any CPU.Build.0 = Debug|Any CPU
		{C35C127C-BE44-4991-B7E3-56E9A2F77D25}.Release|Any CPU.ActiveCfg = Release|Any CPU
		{C35C127C-BE44-4991-B7E3-56E9A2F77D25}.Release|Any CPU.Build.0 = Release|Any CPU
		{27DC540F-7116-4C98-9602-7245E7ED2CE0}.Debug|Any CPU.ActiveCfg = Debug|Any CPU
		{27DC540F-7116-4C98-9602-7245E7ED2CE0}.Debug|Any CPU.Build.0 = Debug|Any CPU
		{27DC540F-7116-4C98-9602-7245E7ED2CE0}.Release|Any CPU.ActiveCfg = Release|Any CPU
		{27DC540F-7116-4C98-9602-7245E7ED2CE0}.Release|Any CPU.Build.0 = Release|Any CPU
		{491E17B3-D66D-4C79-8E6A-E71F421FA6F6}.Debug|Any CPU.ActiveCfg = Debug|Any CPU
		{491E17B3-D66D-4C79-8E6A-E71F421FA6F6}.Debug|Any CPU.Build.0 = Debug|Any CPU
		{491E17B3-D66D-4C79-8E6A-E71F421FA6F6}.Release|Any CPU.ActiveCfg = Release|Any CPU
		{491E17B3-D66D-4C79-8E6A-E71F421FA6F6}.Release|Any CPU.Build.0 = Release|Any CPU
		{69BAC41D-D8A2-4EDA-B77E-FC4C3DCF2B6C}.Debug|Any CPU.ActiveCfg = Debug|Any CPU
		{69BAC41D-D8A2-4EDA-B77E-FC4C3DCF2B6C}.Debug|Any CPU.Build.0 = Debug|Any CPU
		{69BAC41D-D8A2-4EDA-B77E-FC4C3DCF2B6C}.Release|Any CPU.ActiveCfg = Release|Any CPU
		{69BAC41D-D8A2-4EDA-B77E-FC4C3DCF2B6C}.Release|Any CPU.Build.0 = Release|Any CPU
		{8E38F589-5A86-4D9E-A807-E91758E48D2C}.Debug|Any CPU.ActiveCfg = Debug|Any CPU
		{8E38F589-5A86-4D9E-A807-E91758E48D2C}.Debug|Any CPU.Build.0 = Debug|Any CPU
		{8E38F589-5A86-4D9E-A807-E91758E48D2C}.Release|Any CPU.ActiveCfg = Release|Any CPU
		{8E38F589-5A86-4D9E-A807-E91758E48D2C}.Release|Any CPU.Build.0 = Release|Any CPU
		{861ACA87-A790-4D62-8DF9-8B8ACBF869DF}.Debug|Any CPU.ActiveCfg = Debug|Any CPU
		{861ACA87-A790-4D62-8DF9-8B8ACBF869DF}.Debug|Any CPU.Build.0 = Debug|Any CPU
		{861ACA87-A790-4D62-8DF9-8B8ACBF869DF}.Release|Any CPU.ActiveCfg = Release|Any CPU
		{861ACA87-A790-4D62-8DF9-8B8ACBF869DF}.Release|Any CPU.Build.0 = Release|Any CPU
		{43F7AAA1-C8BE-4E7A-8FF4-81554902B34E}.Debug|Any CPU.ActiveCfg = Debug|Any CPU
		{43F7AAA1-C8BE-4E7A-8FF4-81554902B34E}.Debug|Any CPU.Build.0 = Debug|Any CPU
		{43F7AAA1-C8BE-4E7A-8FF4-81554902B34E}.Release|Any CPU.ActiveCfg = Release|Any CPU
		{43F7AAA1-C8BE-4E7A-8FF4-81554902B34E}.Release|Any CPU.Build.0 = Release|Any CPU
		{873F8AC7-E903-49ED-80FD-63486D62E4F8}.Debug|Any CPU.ActiveCfg = Debug|Any CPU
		{873F8AC7-E903-49ED-80FD-63486D62E4F8}.Debug|Any CPU.Build.0 = Debug|Any CPU
		{873F8AC7-E903-49ED-80FD-63486D62E4F8}.Release|Any CPU.ActiveCfg = Release|Any CPU
		{873F8AC7-E903-49ED-80FD-63486D62E4F8}.Release|Any CPU.Build.0 = Release|Any CPU
		{99BDB5FA-F7F7-4561-820C-D4CDB879736E}.Debug|Any CPU.ActiveCfg = Debug|Any CPU
		{99BDB5FA-F7F7-4561-820C-D4CDB879736E}.Debug|Any CPU.Build.0 = Debug|Any CPU
		{99BDB5FA-F7F7-4561-820C-D4CDB879736E}.Release|Any CPU.ActiveCfg = Release|Any CPU
		{99BDB5FA-F7F7-4561-820C-D4CDB879736E}.Release|Any CPU.Build.0 = Release|Any CPU
		{B4142560-8772-471C-A4A7-927B66BB8602}.Debug|Any CPU.ActiveCfg = Debug|Any CPU
		{B4142560-8772-471C-A4A7-927B66BB8602}.Debug|Any CPU.Build.0 = Debug|Any CPU
		{B4142560-8772-471C-A4A7-927B66BB8602}.Release|Any CPU.ActiveCfg = Release|Any CPU
		{B4142560-8772-471C-A4A7-927B66BB8602}.Release|Any CPU.Build.0 = Release|Any CPU
	EndGlobalSection
	GlobalSection(SolutionProperties) = preSolution
		HideSolutionNode = FALSE
	EndGlobalSection
	GlobalSection(NestedProjects) = preSolution
		{27DC540F-7116-4C98-9602-7245E7ED2CE0} = {5F231AF0-BA65-4AE0-959F-A29E76CC6DFD}
		{8E38F589-5A86-4D9E-A807-E91758E48D2C} = {5F231AF0-BA65-4AE0-959F-A29E76CC6DFD}
		{873F8AC7-E903-49ED-80FD-63486D62E4F8} = {31075536-B63C-4DF5-B800-09ABB3F04B07}
		{99BDB5FA-F7F7-4561-820C-D4CDB879736E} = {31075536-B63C-4DF5-B800-09ABB3F04B07}
		{B4142560-8772-471C-A4A7-927B66BB8602} = {31075536-B63C-4DF5-B800-09ABB3F04B07}
	EndGlobalSection
	GlobalSection(ExtensibilityGlobals) = postSolution
		SolutionGuid = {5EB716AC-1004-4514-8045-DAFF9636F0C5}
	EndGlobalSection
EndGlobal
